
Microsoft Visual Studio Solution File, Format Version 12.00
# Visual Studio 15
VisualStudioVersion = 15.0.27703.2018
MinimumVisualStudioVersion = 10.0.40219.1
Project("{FAE04EC0-301F-11D3-BF4B-00C04F79EFBC}") = "program1", "program1\program1.csproj", "{E28A747C-46B1-4194-8F27-55C627DFE567}"
EndProject
Project("{FAE04EC0-301F-11D3-BF4B-00C04F79EFBC}") = "program2", "program2\program2.csproj", "{5A004D50-9775-4952-86E8-F31DD3338D3E}"
EndProject
Global
	GlobalSection(SolutionConfigurationPlatforms) = preSolution
		Debug|Any CPU = Debug|Any CPU
		Release|Any CPU = Release|Any CPU
	EndGlobalSection
	GlobalSection(ProjectConfigurationPlatforms) = postSolution
		{E28A747C-46B1-4194-8F27-55C627DFE567}.Debug|Any CPU.ActiveCfg = Debug|Any CPU
		{E28A747C-46B1-4194-8F27-55C627DFE567}.Debug|Any CPU.Build.0 = Debug|Any CPU
		{E28A747C-46B1-4194-8F27-55C627DFE567}.Release|Any CPU.ActiveCfg = Release|Any CPU
		{E28A747C-46B1-4194-8F27-55C627DFE567}.Release|Any CPU.Build.0 = Release|Any CPU
		{5A004D50-9775-4952-86E8-F31DD3338D3E}.Debug|Any CPU.ActiveCfg = Debug|Any CPU
		{5A004D50-9775-4952-86E8-F31DD3338D3E}.Debug|Any CPU.Build.0 = Debug|Any CPU
		{5A004D50-9775-4952-86E8-F31DD3338D3E}.Release|Any CPU.ActiveCfg = Release|Any CPU
		{5A004D50-9775-4952-86E8-F31DD3338D3E}.Release|Any CPU.Build.0 = Release|Any CPU
	EndGlobalSection
	GlobalSection(SolutionProperties) = preSolution
		HideSolutionNode = FALSE
	EndGlobalSection
	GlobalSection(ExtensibilityGlobals) = postSolution
		SolutionGuid = {819006B3-2047-47A9-BAE6-11DF1A951CC3}
	EndGlobalSection
EndGlobal
