
Microsoft Visual Studio Solution File, Format Version 12.00
# Visual Studio 15
VisualStudioVersion = 15.0.27703.2018
MinimumVisualStudioVersion = 10.0.40219.1
Project("{FAE04EC0-301F-11D3-BF4B-00C04F79EFBC}") = "Exercise1", "Exercise1\Exercise1.csproj", "{012C48DC-C564-491F-9F8A-14DCF9565776}"
EndProject
Project("{FAE04EC0-301F-11D3-BF4B-00C04F79EFBC}") = "Exercise2", "Exercise2\Exercise2.csproj", "{ECEA5AFB-7D8F-4068-A41D-DD9C21FF11C2}"
EndProject
Project("{FAE04EC0-301F-11D3-BF4B-00C04F79EFBC}") = "Exercise3", "Exercise3\Exercise3.csproj", "{6C7A0C03-1D1B-4773-B235-16B9495AFAA5}"
EndProject
Global
	GlobalSection(SolutionConfigurationPlatforms) = preSolution
		Debug|Any CPU = Debug|Any CPU
		Release|Any CPU = Release|Any CPU
	EndGlobalSection
	GlobalSection(ProjectConfigurationPlatforms) = postSolution
		{012C48DC-C564-491F-9F8A-14DCF9565776}.Debug|Any CPU.ActiveCfg = Debug|Any CPU
		{012C48DC-C564-491F-9F8A-14DCF9565776}.Debug|Any CPU.Build.0 = Debug|Any CPU
		{012C48DC-C564-491F-9F8A-14DCF9565776}.Release|Any CPU.ActiveCfg = Release|Any CPU
		{012C48DC-C564-491F-9F8A-14DCF9565776}.Release|Any CPU.Build.0 = Release|Any CPU
		{ECEA5AFB-7D8F-4068-A41D-DD9C21FF11C2}.Debug|Any CPU.ActiveCfg = Debug|Any CPU
		{ECEA5AFB-7D8F-4068-A41D-DD9C21FF11C2}.Debug|Any CPU.Build.0 = Debug|Any CPU
		{ECEA5AFB-7D8F-4068-A41D-DD9C21FF11C2}.Release|Any CPU.ActiveCfg = Release|Any CPU
		{ECEA5AFB-7D8F-4068-A41D-DD9C21FF11C2}.Release|Any CPU.Build.0 = Release|Any CPU
		{6C7A0C03-1D1B-4773-B235-16B9495AFAA5}.Debug|Any CPU.ActiveCfg = Debug|Any CPU
		{6C7A0C03-1D1B-4773-B235-16B9495AFAA5}.Debug|Any CPU.Build.0 = Debug|Any CPU
		{6C7A0C03-1D1B-4773-B235-16B9495AFAA5}.Release|Any CPU.ActiveCfg = Release|Any CPU
		{6C7A0C03-1D1B-4773-B235-16B9495AFAA5}.Release|Any CPU.Build.0 = Release|Any CPU
	EndGlobalSection
	GlobalSection(SolutionProperties) = preSolution
		HideSolutionNode = FALSE
	EndGlobalSection
	GlobalSection(ExtensibilityGlobals) = postSolution
		SolutionGuid = {79AAD9D0-31D7-4392-979C-295A49ECE580}
	EndGlobalSection
EndGlobal
